
Microsoft Visual Studio Solution File, Format Version 12.00
# Visual Studio 2012
Project("{FAE04EC0-301F-11D3-BF4B-00C04F79EFBC}") = "Commoner.Core", "Commoner.Core\Commoner.Core.csproj", "{F1F31E93-9E66-413E-A0C8-E68504FF8AA4}"
EndProject
Project("{2150E333-8FDC-42A3-9474-1A3956D46DE8}") = "Solution Items", "Solution Items", "{BBEFC0D8-1414-4CE3-97D8-663822965C17}"
EndProject
Project("{FAE04EC0-301F-11D3-BF4B-00C04F79EFBC}") = "Commoner.Test.Unit", "Commoner.Test.Unit\Commoner.Test.Unit.csproj", "{C917A043-3E08-4740-AE9E-EDC80B66A251}"
EndProject
Project("{2150E333-8FDC-42A3-9474-1A3956D46DE8}") = ".nuget", ".nuget", "{CF8E5384-C2CE-4C85-9B9D-294B1E8F44E7}"
	ProjectSection(SolutionItems) = preProject
		.nuget\NuGet.Config = .nuget\NuGet.Config
		.nuget\NuGet.exe = .nuget\NuGet.exe
		.nuget\NuGet.targets = .nuget\NuGet.targets
	EndProjectSection
EndProject
Global
	GlobalSection(SolutionConfigurationPlatforms) = preSolution
		Debug|Any CPU = Debug|Any CPU
		Release|Any CPU = Release|Any CPU
	EndGlobalSection
	GlobalSection(ProjectConfigurationPlatforms) = postSolution
		{F1F31E93-9E66-413E-A0C8-E68504FF8AA4}.Debug|Any CPU.ActiveCfg = Debug|Any CPU
		{F1F31E93-9E66-413E-A0C8-E68504FF8AA4}.Debug|Any CPU.Build.0 = Debug|Any CPU
		{F1F31E93-9E66-413E-A0C8-E68504FF8AA4}.Release|Any CPU.ActiveCfg = Release|Any CPU
		{F1F31E93-9E66-413E-A0C8-E68504FF8AA4}.Release|Any CPU.Build.0 = Release|Any CPU
		{C917A043-3E08-4740-AE9E-EDC80B66A251}.Debug|Any CPU.ActiveCfg = Debug|Any CPU
		{C917A043-3E08-4740-AE9E-EDC80B66A251}.Debug|Any CPU.Build.0 = Debug|Any CPU
		{C917A043-3E08-4740-AE9E-EDC80B66A251}.Release|Any CPU.ActiveCfg = Release|Any CPU
		{C917A043-3E08-4740-AE9E-EDC80B66A251}.Release|Any CPU.Build.0 = Release|Any CPU
	EndGlobalSection
	GlobalSection(SolutionProperties) = preSolution
		HideSolutionNode = FALSE
	EndGlobalSection
	GlobalSection(ExtensibilityGlobals) = postSolution
		EnterpriseLibraryConfigurationToolBinariesPath = packages\Unity.2.1.505.0\lib\NET35;packages\Unity.Interception.2.1.505.0\lib\NET35;packages\EnterpriseLibrary.Common.5.0.505.0\lib\NET35;packages\EnterpriseLibrary.Validation.5.0.505.0\lib\NET35
	EndGlobalSection
EndGlobal
